
Microsoft Visual Studio Solution File, Format Version 12.00
# Visual Studio Version 17
VisualStudioVersion = 17.6.33829.357
MinimumVisualStudioVersion = 10.0.40219.1
Project("{2150E333-8FDC-42A3-9474-1A3956D46DE8}") = "Application", "Application", "{5A9E8BEA-CC28-41EB-85EF-FCDEECCFCF60}"
EndProject
Project("{9A19103F-16F7-4668-BE54-9A1E7A4F7556}") = "Hotel", "Application\Hotel\Hotel.csproj", "{DB0B6A0B-F19D-44CE-8338-9CFA4CAA8B1E}"
EndProject
Project("{9A19103F-16F7-4668-BE54-9A1E7A4F7556}") = "Payment", "Application\Payment\Payment.csproj", "{004E8A0E-E8B2-4908-8211-039ED97CE6B8}"
EndProject
Project("{9A19103F-16F7-4668-BE54-9A1E7A4F7556}") = "Ticket", "Application\Ticket\Ticket.csproj", "{D2888D07-F4DF-49E9-924B-90F1F6F58A11}"
EndProject
Project("{2150E333-8FDC-42A3-9474-1A3956D46DE8}") = "Client", "Client", "{99AD40F2-2DBF-42BC-A10E-8E6A0B44DC51}"
EndProject
Project("{9A19103F-16F7-4668-BE54-9A1E7A4F7556}") = "Temporal.Client", "Client\Temporal.Client.csproj", "{8EA88643-11CE-4C4E-8D65-B5D454FBDCCB}"
EndProject
Project("{2150E333-8FDC-42A3-9474-1A3956D46DE8}") = "Workflow", "Workflow", "{82A2ABE1-7BBE-4F92-9475-06182A73E5AD}"
EndProject
Project("{9A19103F-16F7-4668-BE54-9A1E7A4F7556}") = "Temporal.Worker", "Workflow\Temporal.Worker.csproj", "{B0DCEEA5-D52E-4F4D-B30B-813A79FF5E55}"
EndProject
Global
	GlobalSection(SolutionConfigurationPlatforms) = preSolution
		Debug|Any CPU = Debug|Any CPU
		Release|Any CPU = Release|Any CPU
	EndGlobalSection
	GlobalSection(ProjectConfigurationPlatforms) = postSolution
		{DB0B6A0B-F19D-44CE-8338-9CFA4CAA8B1E}.Debug|Any CPU.ActiveCfg = Debug|Any CPU
		{DB0B6A0B-F19D-44CE-8338-9CFA4CAA8B1E}.Debug|Any CPU.Build.0 = Debug|Any CPU
		{DB0B6A0B-F19D-44CE-8338-9CFA4CAA8B1E}.Release|Any CPU.ActiveCfg = Release|Any CPU
		{DB0B6A0B-F19D-44CE-8338-9CFA4CAA8B1E}.Release|Any CPU.Build.0 = Release|Any CPU
		{004E8A0E-E8B2-4908-8211-039ED97CE6B8}.Debug|Any CPU.ActiveCfg = Debug|Any CPU
		{004E8A0E-E8B2-4908-8211-039ED97CE6B8}.Debug|Any CPU.Build.0 = Debug|Any CPU
		{004E8A0E-E8B2-4908-8211-039ED97CE6B8}.Release|Any CPU.ActiveCfg = Release|Any CPU
		{004E8A0E-E8B2-4908-8211-039ED97CE6B8}.Release|Any CPU.Build.0 = Release|Any CPU
		{D2888D07-F4DF-49E9-924B-90F1F6F58A11}.Debug|Any CPU.ActiveCfg = Debug|Any CPU
		{D2888D07-F4DF-49E9-924B-90F1F6F58A11}.Debug|Any CPU.Build.0 = Debug|Any CPU
		{D2888D07-F4DF-49E9-924B-90F1F6F58A11}.Release|Any CPU.ActiveCfg = Release|Any CPU
		{D2888D07-F4DF-49E9-924B-90F1F6F58A11}.Release|Any CPU.Build.0 = Release|Any CPU
		{8EA88643-11CE-4C4E-8D65-B5D454FBDCCB}.Debug|Any CPU.ActiveCfg = Debug|Any CPU
		{8EA88643-11CE-4C4E-8D65-B5D454FBDCCB}.Debug|Any CPU.Build.0 = Debug|Any CPU
		{8EA88643-11CE-4C4E-8D65-B5D454FBDCCB}.Release|Any CPU.ActiveCfg = Release|Any CPU
		{8EA88643-11CE-4C4E-8D65-B5D454FBDCCB}.Release|Any CPU.Build.0 = Release|Any CPU
		{B0DCEEA5-D52E-4F4D-B30B-813A79FF5E55}.Debug|Any CPU.ActiveCfg = Debug|Any CPU
		{B0DCEEA5-D52E-4F4D-B30B-813A79FF5E55}.Debug|Any CPU.Build.0 = Debug|Any CPU
		{B0DCEEA5-D52E-4F4D-B30B-813A79FF5E55}.Release|Any CPU.ActiveCfg = Release|Any CPU
		{B0DCEEA5-D52E-4F4D-B30B-813A79FF5E55}.Release|Any CPU.Build.0 = Release|Any CPU
	EndGlobalSection
	GlobalSection(SolutionProperties) = preSolution
		HideSolutionNode = FALSE
	EndGlobalSection
	GlobalSection(NestedProjects) = preSolution
		{DB0B6A0B-F19D-44CE-8338-9CFA4CAA8B1E} = {5A9E8BEA-CC28-41EB-85EF-FCDEECCFCF60}
		{004E8A0E-E8B2-4908-8211-039ED97CE6B8} = {5A9E8BEA-CC28-41EB-85EF-FCDEECCFCF60}
		{D2888D07-F4DF-49E9-924B-90F1F6F58A11} = {5A9E8BEA-CC28-41EB-85EF-FCDEECCFCF60}
		{8EA88643-11CE-4C4E-8D65-B5D454FBDCCB} = {99AD40F2-2DBF-42BC-A10E-8E6A0B44DC51}
		{B0DCEEA5-D52E-4F4D-B30B-813A79FF5E55} = {82A2ABE1-7BBE-4F92-9475-06182A73E5AD}
	EndGlobalSection
	GlobalSection(ExtensibilityGlobals) = postSolution
		SolutionGuid = {EB7F3E21-588A-4833-9DD0-37DE9799B1C6}
	EndGlobalSection
EndGlobal
