
Microsoft Visual Studio Solution File, Format Version 12.00
# Visual Studio Version 17
VisualStudioVersion = 17.6.33829.357
MinimumVisualStudioVersion = 10.0.40219.1
Project("{9A19103F-16F7-4668-BE54-9A1E7A4F7556}") = "Test.Workflow", "Test\Test.Workflow.csproj", "{FD81DFA6-EA8C-48B6-9A87-2A43B969713A}"
EndProject
Project("{9A19103F-16F7-4668-BE54-9A1E7A4F7556}") = "Test.Client", "Test.Client\Test.Client.csproj", "{CF912DD9-987B-43FF-8347-0EEFC45AAB0E}"
EndProject
Project("{FAE04EC0-301F-11D3-BF4B-00C04F79EFBC}") = "Hotel", "Hotel\Hotel.csproj", "{186808E0-B22E-4707-B7B3-0A7B1988ED2C}"
EndProject
Project("{FAE04EC0-301F-11D3-BF4B-00C04F79EFBC}") = "Ticket", "Ticket\Ticket.csproj", "{59B7327B-FA39-43FC-91B7-CA608254327A}"
EndProject
Project("{FAE04EC0-301F-11D3-BF4B-00C04F79EFBC}") = "Payment", "Payment\Payment.csproj", "{D73DE8DD-69EF-4171-8188-6D94B762813E}"
EndProject
Project("{2150E333-8FDC-42A3-9474-1A3956D46DE8}") = "Application", "Application", "{5A9E8BEA-CC28-41EB-85EF-FCDEECCFCF60}"
EndProject
Global
	GlobalSection(SolutionConfigurationPlatforms) = preSolution
		Debug|Any CPU = Debug|Any CPU
		Release|Any CPU = Release|Any CPU
	EndGlobalSection
	GlobalSection(ProjectConfigurationPlatforms) = postSolution
		{FD81DFA6-EA8C-48B6-9A87-2A43B969713A}.Debug|Any CPU.ActiveCfg = Debug|Any CPU
		{FD81DFA6-EA8C-48B6-9A87-2A43B969713A}.Debug|Any CPU.Build.0 = Debug|Any CPU
		{FD81DFA6-EA8C-48B6-9A87-2A43B969713A}.Release|Any CPU.ActiveCfg = Release|Any CPU
		{FD81DFA6-EA8C-48B6-9A87-2A43B969713A}.Release|Any CPU.Build.0 = Release|Any CPU
		{CF912DD9-987B-43FF-8347-0EEFC45AAB0E}.Debug|Any CPU.ActiveCfg = Debug|Any CPU
		{CF912DD9-987B-43FF-8347-0EEFC45AAB0E}.Debug|Any CPU.Build.0 = Debug|Any CPU
		{CF912DD9-987B-43FF-8347-0EEFC45AAB0E}.Release|Any CPU.ActiveCfg = Release|Any CPU
		{CF912DD9-987B-43FF-8347-0EEFC45AAB0E}.Release|Any CPU.Build.0 = Release|Any CPU
		{186808E0-B22E-4707-B7B3-0A7B1988ED2C}.Debug|Any CPU.ActiveCfg = Debug|Any CPU
		{186808E0-B22E-4707-B7B3-0A7B1988ED2C}.Debug|Any CPU.Build.0 = Debug|Any CPU
		{186808E0-B22E-4707-B7B3-0A7B1988ED2C}.Release|Any CPU.ActiveCfg = Release|Any CPU
		{186808E0-B22E-4707-B7B3-0A7B1988ED2C}.Release|Any CPU.Build.0 = Release|Any CPU
		{59B7327B-FA39-43FC-91B7-CA608254327A}.Debug|Any CPU.ActiveCfg = Debug|Any CPU
		{59B7327B-FA39-43FC-91B7-CA608254327A}.Debug|Any CPU.Build.0 = Debug|Any CPU
		{59B7327B-FA39-43FC-91B7-CA608254327A}.Release|Any CPU.ActiveCfg = Release|Any CPU
		{59B7327B-FA39-43FC-91B7-CA608254327A}.Release|Any CPU.Build.0 = Release|Any CPU
		{D73DE8DD-69EF-4171-8188-6D94B762813E}.Debug|Any CPU.ActiveCfg = Debug|Any CPU
		{D73DE8DD-69EF-4171-8188-6D94B762813E}.Debug|Any CPU.Build.0 = Debug|Any CPU
		{D73DE8DD-69EF-4171-8188-6D94B762813E}.Release|Any CPU.ActiveCfg = Release|Any CPU
		{D73DE8DD-69EF-4171-8188-6D94B762813E}.Release|Any CPU.Build.0 = Release|Any CPU
	EndGlobalSection
	GlobalSection(SolutionProperties) = preSolution
		HideSolutionNode = FALSE
	EndGlobalSection
	GlobalSection(NestedProjects) = preSolution
		{186808E0-B22E-4707-B7B3-0A7B1988ED2C} = {5A9E8BEA-CC28-41EB-85EF-FCDEECCFCF60}
		{59B7327B-FA39-43FC-91B7-CA608254327A} = {5A9E8BEA-CC28-41EB-85EF-FCDEECCFCF60}
		{D73DE8DD-69EF-4171-8188-6D94B762813E} = {5A9E8BEA-CC28-41EB-85EF-FCDEECCFCF60}
	EndGlobalSection
	GlobalSection(ExtensibilityGlobals) = postSolution
		SolutionGuid = {EB7F3E21-588A-4833-9DD0-37DE9799B1C6}
	EndGlobalSection
EndGlobal
